<?xml version="1.0" encoding="utf-8"?>
<Project ToolsVersion="4.0" xmlns="http://schemas.microsoft.com/developer/msbuild/2003">
  <ItemGroup>
    <Filter Include="01. Contents">
      <UniqueIdentifier>{7b9acbc8-6861-4ab1-aca4-d96360d35067}</UniqueIdentifier>
    </Filter>
    <Filter Include="02. MessageHandler">
      <UniqueIdentifier>{c74c9c24-bd80-464f-9123-01abe7ef1756}</UniqueIdentifier>
    </Filter>
    <Filter Include="03. Common">
      <UniqueIdentifier>{10055599-db4d-4d78-aadd-b20b1d389370}</UniqueIdentifier>
    </Filter>
  </ItemGroup>
  <ItemGroup>
    <ClInclude Include="include\Contents\RPGGameLogic.h">
      <Filter>01. Contents</Filter>
    </ClInclude>
    <ClInclude Include="include\Contents\Player.h">
      <Filter>01. Contents</Filter>
    </ClInclude>
    <ClInclude Include="include\MessageHandler\EchoMessageHandler.h">
      <Filter>02. MessageHandler</Filter>
    </ClInclude>
    <ClInclude Include="include\MessageHandler\RpgGameMessageHandler.h">
      <Filter>02. MessageHandler</Filter>
    </ClInclude>
    <ClInclude Include="include\Common\GameCommon.h">
      <Filter>03. Common</Filter>
    </ClInclude>
    <ClInclude Include="include\Common\Protocol.h">
      <Filter>03. Common</Filter>
    </ClInclude>
    <ClInclude Include="include\Contents\World.h">
      <Filter>01. Contents</Filter>
    </ClInclude>
  </ItemGroup>
  <ItemGroup>
    <ClCompile Include="src\Main.cpp" />
    <ClCompile Include="src\Contents\RPGGameLogic.cpp">
      <Filter>01. Contents</Filter>
    </ClCompile>
    <ClCompile Include="src\Contents\Player.cpp">
      <Filter>01. Contents</Filter>
    </ClCompile>
    <ClCompile Include="src\MessageHandler\EchoMessageHandler.cpp">
      <Filter>02. MessageHandler</Filter>
    </ClCompile>
    <ClCompile Include="src\MessageHandler\RpgGameMessageHandler.cpp">
      <Filter>02. MessageHandler</Filter>
    </ClCompile>
    <ClCompile Include="src\Contents\World.cpp">
      <Filter>01. Contents</Filter>
    </ClCompile>
  </ItemGroup>
</Project>