<?xml version="1.0" encoding="utf-8"?>
<Project ToolsVersion="4.0" xmlns="http://schemas.microsoft.com/developer/msbuild/2003">
  <ItemGroup>
    <Filter Include="01. Contents">
      <UniqueIdentifier>{7b9acbc8-6861-4ab1-aca4-d96360d35067}</UniqueIdentifier>
    </Filter>
    <Filter Include="02. MessageHandler">
      <UniqueIdentifier>{c74c9c24-bd80-464f-9123-01abe7ef1756}</UniqueIdentifier>
    </Filter>
  </ItemGroup>
  <ItemGroup>
    <ClInclude Include="include\RpgGameMessageHandler.h">
      <Filter>02. MessageHandler</Filter>
    </ClInclude>
    <ClInclude Include="include\EchoMessageHandler.h">
      <Filter>02. MessageHandler</Filter>
    </ClInclude>
  </ItemGroup>
  <ItemGroup>
    <ClCompile Include="src\RpgGameMessageHandler.cpp">
      <Filter>02. MessageHandler</Filter>
    </ClCompile>
    <ClCompile Include="src\EchoMessageHandler.cpp">
      <Filter>02. MessageHandler</Filter>
    </ClCompile>
    <ClCompile Include="src\Main.cpp" />
  </ItemGroup>
</Project>